
Microsoft Visual Studio Solution File, Format Version 12.00
# Visual Studio Version 16
VisualStudioVersion = 16.0.31507.150
MinimumVisualStudioVersion = 10.0.40219.1
Project("{9A19103F-16F7-4668-BE54-9A1E7A4F7556}") = "MySerializer", "MySerializer\MySerializer.csproj", "{FEAA23FE-F97D-4B62-80CC-F1AEB5169704}"
EndProject
Project("{2150E333-8FDC-42A3-9474-1A3956D46DE8}") = "WorkDB", "WorkDB", "{B1FC6ECB-DDB5-40BD-A6A3-0B5C1F78163D}"
EndProject
Project("{9A19103F-16F7-4668-BE54-9A1E7A4F7556}") = "Data", "WorkDB\Data\Data.csproj", "{EC938341-0310-4569-BE1C-1B54B476F3BF}"
EndProject
Project("{9A19103F-16F7-4668-BE54-9A1E7A4F7556}") = "WorkDBConsoleApp", "WorkDB\WorkDBConsoleApp\WorkDBConsoleApp.csproj", "{8B927EED-5AE5-4EE7-93F3-D4ECDF02E66C}"
EndProject
Project("{2150E333-8FDC-42A3-9474-1A3956D46DE8}") = "DelegatesEvents", "DelegatesEvents", "{69509FA4-B676-47F8-86A2-9342994D1E0B}"
EndProject
Project("{9A19103F-16F7-4668-BE54-9A1E7A4F7556}") = "DelegatesEventsConsoleApp", "DelegatesEventsConsoleApp\DelegatesEventsConsoleApp.csproj", "{C90082E7-6517-4CA9-B8B3-2890A8C819DB}"
EndProject
Project("{2150E333-8FDC-42A3-9474-1A3956D46DE8}") = "Csharp9", "Csharp9", "{5F8E81EE-CBE1-4CF2-B39A-01C2BB8CC00B}"
EndProject
Project("{9A19103F-16F7-4668-BE54-9A1E7A4F7556}") = "Csharp9ConsoleApp", "Csharp9ConsoleApp\Csharp9ConsoleApp.csproj", "{8180C5EA-661D-4DC7-8D30-23CBC0EBAE22}"
EndProject
Project("{2150E333-8FDC-42A3-9474-1A3956D46DE8}") = "Lesson21", "Lesson21", "{CBDC0ED5-FDB1-459A-A8E1-D2C2DB5C40C8}"
EndProject
Project("{FAE04EC0-301F-11D3-BF4B-00C04F79EFBC}") = "Multithreading", "Lesson21\Multithreading\Multithreading.csproj", "{E5EE7DF5-AD63-42DC-954A-C458C4E10A85}"
EndProject
Project("{2150E333-8FDC-42A3-9474-1A3956D46DE8}") = "Lesson23", "Lesson23", "{E31FF067-2962-4FB8-B9CD-6F9DEC5ACC48}"
EndProject
Project("{FAE04EC0-301F-11D3-BF4B-00C04F79EFBC}") = "PrototypeApp", "Lesson23\PrototypeApp\PrototypeApp.csproj", "{4D2166F8-8C90-4CE8-9F76-3A1AC49F84B7}"
EndProject
Project("{FAE04EC0-301F-11D3-BF4B-00C04F79EFBC}") = "PrototypeTests", "Lesson23\TestProject1\PrototypeTests.csproj", "{43918106-3E7B-4F04-92A4-4A7C6CEFA534}"
EndProject
Global
	GlobalSection(SolutionConfigurationPlatforms) = preSolution
		Debug|Any CPU = Debug|Any CPU
		Release|Any CPU = Release|Any CPU
	EndGlobalSection
	GlobalSection(ProjectConfigurationPlatforms) = postSolution
		{FEAA23FE-F97D-4B62-80CC-F1AEB5169704}.Debug|Any CPU.ActiveCfg = Debug|Any CPU
		{FEAA23FE-F97D-4B62-80CC-F1AEB5169704}.Debug|Any CPU.Build.0 = Debug|Any CPU
		{FEAA23FE-F97D-4B62-80CC-F1AEB5169704}.Release|Any CPU.ActiveCfg = Release|Any CPU
		{FEAA23FE-F97D-4B62-80CC-F1AEB5169704}.Release|Any CPU.Build.0 = Release|Any CPU
		{EC938341-0310-4569-BE1C-1B54B476F3BF}.Debug|Any CPU.ActiveCfg = Debug|Any CPU
		{EC938341-0310-4569-BE1C-1B54B476F3BF}.Debug|Any CPU.Build.0 = Debug|Any CPU
		{EC938341-0310-4569-BE1C-1B54B476F3BF}.Release|Any CPU.ActiveCfg = Release|Any CPU
		{EC938341-0310-4569-BE1C-1B54B476F3BF}.Release|Any CPU.Build.0 = Release|Any CPU
		{8B927EED-5AE5-4EE7-93F3-D4ECDF02E66C}.Debug|Any CPU.ActiveCfg = Debug|Any CPU
		{8B927EED-5AE5-4EE7-93F3-D4ECDF02E66C}.Debug|Any CPU.Build.0 = Debug|Any CPU
		{8B927EED-5AE5-4EE7-93F3-D4ECDF02E66C}.Release|Any CPU.ActiveCfg = Release|Any CPU
		{8B927EED-5AE5-4EE7-93F3-D4ECDF02E66C}.Release|Any CPU.Build.0 = Release|Any CPU
		{C90082E7-6517-4CA9-B8B3-2890A8C819DB}.Debug|Any CPU.ActiveCfg = Debug|Any CPU
		{C90082E7-6517-4CA9-B8B3-2890A8C819DB}.Debug|Any CPU.Build.0 = Debug|Any CPU
		{C90082E7-6517-4CA9-B8B3-2890A8C819DB}.Release|Any CPU.ActiveCfg = Release|Any CPU
		{C90082E7-6517-4CA9-B8B3-2890A8C819DB}.Release|Any CPU.Build.0 = Release|Any CPU
		{8180C5EA-661D-4DC7-8D30-23CBC0EBAE22}.Debug|Any CPU.ActiveCfg = Debug|Any CPU
		{8180C5EA-661D-4DC7-8D30-23CBC0EBAE22}.Debug|Any CPU.Build.0 = Debug|Any CPU
		{8180C5EA-661D-4DC7-8D30-23CBC0EBAE22}.Release|Any CPU.ActiveCfg = Release|Any CPU
		{8180C5EA-661D-4DC7-8D30-23CBC0EBAE22}.Release|Any CPU.Build.0 = Release|Any CPU
		{E5EE7DF5-AD63-42DC-954A-C458C4E10A85}.Debug|Any CPU.ActiveCfg = Debug|Any CPU
		{E5EE7DF5-AD63-42DC-954A-C458C4E10A85}.Debug|Any CPU.Build.0 = Debug|Any CPU
		{E5EE7DF5-AD63-42DC-954A-C458C4E10A85}.Release|Any CPU.ActiveCfg = Release|Any CPU
		{E5EE7DF5-AD63-42DC-954A-C458C4E10A85}.Release|Any CPU.Build.0 = Release|Any CPU
		{4D2166F8-8C90-4CE8-9F76-3A1AC49F84B7}.Debug|Any CPU.ActiveCfg = Debug|Any CPU
		{4D2166F8-8C90-4CE8-9F76-3A1AC49F84B7}.Debug|Any CPU.Build.0 = Debug|Any CPU
		{4D2166F8-8C90-4CE8-9F76-3A1AC49F84B7}.Release|Any CPU.ActiveCfg = Release|Any CPU
		{4D2166F8-8C90-4CE8-9F76-3A1AC49F84B7}.Release|Any CPU.Build.0 = Release|Any CPU
		{43918106-3E7B-4F04-92A4-4A7C6CEFA534}.Debug|Any CPU.ActiveCfg = Debug|Any CPU
		{43918106-3E7B-4F04-92A4-4A7C6CEFA534}.Debug|Any CPU.Build.0 = Debug|Any CPU
		{43918106-3E7B-4F04-92A4-4A7C6CEFA534}.Release|Any CPU.ActiveCfg = Release|Any CPU
		{43918106-3E7B-4F04-92A4-4A7C6CEFA534}.Release|Any CPU.Build.0 = Release|Any CPU
	EndGlobalSection
	GlobalSection(SolutionProperties) = preSolution
		HideSolutionNode = FALSE
	EndGlobalSection
	GlobalSection(NestedProjects) = preSolution
		{EC938341-0310-4569-BE1C-1B54B476F3BF} = {B1FC6ECB-DDB5-40BD-A6A3-0B5C1F78163D}
		{8B927EED-5AE5-4EE7-93F3-D4ECDF02E66C} = {B1FC6ECB-DDB5-40BD-A6A3-0B5C1F78163D}
		{C90082E7-6517-4CA9-B8B3-2890A8C819DB} = {69509FA4-B676-47F8-86A2-9342994D1E0B}
		{8180C5EA-661D-4DC7-8D30-23CBC0EBAE22} = {5F8E81EE-CBE1-4CF2-B39A-01C2BB8CC00B}
		{E5EE7DF5-AD63-42DC-954A-C458C4E10A85} = {CBDC0ED5-FDB1-459A-A8E1-D2C2DB5C40C8}
		{4D2166F8-8C90-4CE8-9F76-3A1AC49F84B7} = {E31FF067-2962-4FB8-B9CD-6F9DEC5ACC48}
		{43918106-3E7B-4F04-92A4-4A7C6CEFA534} = {E31FF067-2962-4FB8-B9CD-6F9DEC5ACC48}
	EndGlobalSection
	GlobalSection(ExtensibilityGlobals) = postSolution
		SolutionGuid = {AA6D5158-EA9D-439A-8603-3996F02CF29D}
	EndGlobalSection
EndGlobal
